{
  "name": "SplitWiseX",
  "lockfileVersion": 3,
  "requires": true,
  "packages": {
    "": {
      "devDependencies": {
        "@oasisprotocol/sapphire-contracts": "^0.2.15"
      }
    },
    "node_modules/@oasisprotocol/sapphire-contracts": {
      "version": "0.2.15",
      "resolved": "https://registry.npmjs.org/@oasisprotocol/sapphire-contracts/-/sapphire-contracts-0.2.15.tgz",
      "integrity": "sha512-4R0G46TYljkdwXLxWqXEiPfRKab9QK1gXrzgx9wjJFxlWh1uyMNkSGdKmuBmD3cWMgUW0wRLI0wJfQYgZTv/Yg==",
      "dev": true,
      "license": "Apache-2.0",
      "dependencies": {
        "@openzeppelin/contracts": "^5.0.2"
      }
    },
    "node_modules/@openzeppelin/contracts": {
      "version": "5.4.0",
      "resolved": "https://registry.npmjs.org/@openzeppelin/contracts/-/contracts-5.4.0.tgz",
      "integrity": "sha512-eCYgWnLg6WO+X52I16TZt8uEjbtdkgLC0SUX/xnAksjjrQI4Xfn4iBRoI5j55dmlOhDv1Y7BoR3cU7e3WWhC6A==",
      "dev": true,
      "license": "MIT"
    }
  }
}
